
Microsoft Visual Studio Solution File, Format Version 12.00
# Visual Studio 15
VisualStudioVersion = 15.0.27703.2042
MinimumVisualStudioVersion = 10.0.40219.1
Project("{FAE04EC0-301F-11D3-BF4B-00C04F79EFBC}") = "Multithreading_File_Hash_Application", "Multithreading_File_Hash_Application\Multithreading_File_Hash_Application.csproj", "{EBD42ABB-1B18-41CF-9252-03E64BDCB980}"
EndProject
Global
	GlobalSection(SolutionConfigurationPlatforms) = preSolution
		Debug|Any CPU = Debug|Any CPU
		Release|Any CPU = Release|Any CPU
	EndGlobalSection
	GlobalSection(ProjectConfigurationPlatforms) = postSolution
		{EBD42ABB-1B18-41CF-9252-03E64BDCB980}.Debug|Any CPU.ActiveCfg = Debug|Any CPU
		{EBD42ABB-1B18-41CF-9252-03E64BDCB980}.Debug|Any CPU.Build.0 = Debug|Any CPU
		{EBD42ABB-1B18-41CF-9252-03E64BDCB980}.Release|Any CPU.ActiveCfg = Release|Any CPU
		{EBD42ABB-1B18-41CF-9252-03E64BDCB980}.Release|Any CPU.Build.0 = Release|Any CPU
	EndGlobalSection
	GlobalSection(SolutionProperties) = preSolution
		HideSolutionNode = FALSE
	EndGlobalSection
	GlobalSection(ExtensibilityGlobals) = postSolution
		SolutionGuid = {1847D032-CA97-4345-8EF8-620D2DFB468C}
	EndGlobalSection
EndGlobal
